
Microsoft Visual Studio Solution File, Format Version 12.00
# Visual Studio 15
Project("{FAE04EC0-301F-11D3-BF4B-00C04F79EFBC}") = "Assembly-CSharp", "Assembly-CSharp.csproj", "{82D30CE8-D452-A2FC-B6F7-9CE11E5F1633}"
EndProject
Project("{FAE04EC0-301F-11D3-BF4B-00C04F79EFBC}") = "Assembly-CSharp-Editor", "Assembly-CSharp-Editor.csproj", "{0B0AC35E-2F96-B2C6-6DEA-305675BD2301}"
EndProject
Global
	GlobalSection(SolutionConfigurationPlatforms) = preSolution
		Debug|Any CPU = Debug|Any CPU
		Release|Any CPU = Release|Any CPU
	EndGlobalSection
	GlobalSection(ProjectConfigurationPlatforms) = postSolution
		{82D30CE8-D452-A2FC-B6F7-9CE11E5F1633}.Debug|Any CPU.ActiveCfg = Debug|Any CPU
		{82D30CE8-D452-A2FC-B6F7-9CE11E5F1633}.Debug|Any CPU.Build.0 = Debug|Any CPU
		{82D30CE8-D452-A2FC-B6F7-9CE11E5F1633}.Release|Any CPU.ActiveCfg = Release|Any CPU
		{82D30CE8-D452-A2FC-B6F7-9CE11E5F1633}.Release|Any CPU.Build.0 = Release|Any CPU
		{0B0AC35E-2F96-B2C6-6DEA-305675BD2301}.Debug|Any CPU.ActiveCfg = Debug|Any CPU
		{0B0AC35E-2F96-B2C6-6DEA-305675BD2301}.Debug|Any CPU.Build.0 = Debug|Any CPU
		{0B0AC35E-2F96-B2C6-6DEA-305675BD2301}.Release|Any CPU.ActiveCfg = Release|Any CPU
		{0B0AC35E-2F96-B2C6-6DEA-305675BD2301}.Release|Any CPU.Build.0 = Release|Any CPU
	EndGlobalSection
	GlobalSection(SolutionProperties) = preSolution
		HideSolutionNode = FALSE
	EndGlobalSection
EndGlobal
